{
  "name": "@subhradeep07/generate-random-password",
  "version": "1.0.0",
  "lockfileVersion": 2,
  "requires": true,
  "packages": {
    "": {
      "name": "@subhradeep07/generate-random-password",
      "version": "1.0.0",
      "license": "ISC",
      "dependencies": {
        "@subhradeep07/generate-random-password": "^1.0.0"
      }
    },
    "node_modules/@subhradeep07/generate-random-password": {
      "version": "1.0.0",
      "resolved": "https://registry.npmjs.org/@subhradeep07/generate-random-password/-/generate-random-password-1.0.0.tgz",
      "integrity": "sha512-vLgF9FhGH5YJIdhR4ELiz9ePxvexJEtCyB0tOe9iC7EAlIhtFps0HalpxU5+6D0rV2EWXVhzDOVYFw9uARVfww=="
    }
  },
  "dependencies": {
    "@subhradeep07/generate-random-password": {
      "version": "1.0.0",
      "resolved": "https://registry.npmjs.org/@subhradeep07/generate-random-password/-/generate-random-password-1.0.0.tgz",
      "integrity": "sha512-vLgF9FhGH5YJIdhR4ELiz9ePxvexJEtCyB0tOe9iC7EAlIhtFps0HalpxU5+6D0rV2EWXVhzDOVYFw9uARVfww=="
    }
  }
}
